
Microsoft Visual Studio Solution File, Format Version 12.00
# Visual Studio Version 17
VisualStudioVersion = 17.0.31912.275
MinimumVisualStudioVersion = 10.0.40219.1
Project("{FAE04EC0-301F-11D3-BF4B-00C04F79EFBC}") = "u3-aspnetcore-efcore-18100220", "u3-aspnetcore-efcore-18100220\u3-aspnetcore-efcore-18100220.csproj", "{D2EC03B4-F56A-444D-A1A5-7F512F593201}"
EndProject
Global
	GlobalSection(SolutionConfigurationPlatforms) = preSolution
		Debug|Any CPU = Debug|Any CPU
		Release|Any CPU = Release|Any CPU
	EndGlobalSection
	GlobalSection(ProjectConfigurationPlatforms) = postSolution
		{D2EC03B4-F56A-444D-A1A5-7F512F593201}.Debug|Any CPU.ActiveCfg = Debug|Any CPU
		{D2EC03B4-F56A-444D-A1A5-7F512F593201}.Debug|Any CPU.Build.0 = Debug|Any CPU
		{D2EC03B4-F56A-444D-A1A5-7F512F593201}.Release|Any CPU.ActiveCfg = Release|Any CPU
		{D2EC03B4-F56A-444D-A1A5-7F512F593201}.Release|Any CPU.Build.0 = Release|Any CPU
	EndGlobalSection
	GlobalSection(SolutionProperties) = preSolution
		HideSolutionNode = FALSE
	EndGlobalSection
	GlobalSection(ExtensibilityGlobals) = postSolution
		SolutionGuid = {67BFA473-431F-4A53-8189-5998C6980453}
	EndGlobalSection
EndGlobal
